Microsoft Visual Studio Solution File, Format Version 12.00
# Visual Studio 15
VisualStudioVersion = 15.0.26730.16
MinimumVisualStudioVersion = 10.0.40219.1
Project("{2150E333-8FDC-42A3-9474-1A3956D46DE8}") = "src", "src", "{C21FD102-21B1-46DB-AD62-86692558AD01}"
EndProject
Project("{2150E333-8FDC-42A3-9474-1A3956D46DE8}") = "examples", "examples", "{BD106966-02BE-4137-B9DC-4ECE56B4C204}"
EndProject
Project("{9A19103F-16F7-4668-BE54-9A1E7A4F7556}") = "NLog.Extensions.Logging", "src\NLog.Extensions.Logging\NLog.Extensions.Logging.csproj", "{6A236D76-C9D9-4B1D-8DDE-F6978D110288}"
EndProject
Project("{9A19103F-16F7-4668-BE54-9A1E7A4F7556}") = "NLog.Extensions.Logging.Tests", "test\NLog.Extensions.Logging.Tests\NLog.Extensions.Logging.Tests.csproj", "{7D396A98-C026-4C20-8F5E-2EA76A14CA7D}"
EndProject
Project("{2150E333-8FDC-42A3-9474-1A3956D46DE8}") = "test", "test", "{FBD2E07B-F25B-4D2F-AEF6-6D1E10F1E523}"
EndProject
Project("{9A19103F-16F7-4668-BE54-9A1E7A4F7556}") = "ConsoleExample", "Examples\NetCore2\ConsoleExample\ConsoleExample.csproj", "{CF2D8DDE-5876-4EF0-B99D-3C536E887E18}"
EndProject
Project("{2150E333-8FDC-42A3-9474-1A3956D46DE8}") = "NetCore2", "NetCore2", "{3F309681-DF6C-4AFA-A906-BA65DF772328}"
EndProject
Global
	GlobalSection(SolutionConfigurationPlatforms) = preSolution
		Debug|Any CPU = Debug|Any CPU
		Release|Any CPU = Release|Any CPU
	EndGlobalSection
	GlobalSection(ProjectConfigurationPlatforms) = postSolution
		{6A236D76-C9D9-4B1D-8DDE-F6978D110288}.Debug|Any CPU.ActiveCfg = Debug|Any CPU
		{6A236D76-C9D9-4B1D-8DDE-F6978D110288}.Debug|Any CPU.Build.0 = Debug|Any CPU
		{6A236D76-C9D9-4B1D-8DDE-F6978D110288}.Release|Any CPU.ActiveCfg = Release|Any CPU
		{6A236D76-C9D9-4B1D-8DDE-F6978D110288}.Release|Any CPU.Build.0 = Release|Any CPU
		{7D396A98-C026-4C20-8F5E-2EA76A14CA7D}.Debug|Any CPU.ActiveCfg = Debug|Any CPU
		{7D396A98-C026-4C20-8F5E-2EA76A14CA7D}.Debug|Any CPU.Build.0 = Debug|Any CPU
		{7D396A98-C026-4C20-8F5E-2EA76A14CA7D}.Release|Any CPU.ActiveCfg = Release|Any CPU
		{7D396A98-C026-4C20-8F5E-2EA76A14CA7D}.Release|Any CPU.Build.0 = Release|Any CPU
		{CF2D8DDE-5876-4EF0-B99D-3C536E887E18}.Debug|Any CPU.ActiveCfg = Debug|Any CPU
		{CF2D8DDE-5876-4EF0-B99D-3C536E887E18}.Debug|Any CPU.Build.0 = Debug|Any CPU
		{CF2D8DDE-5876-4EF0-B99D-3C536E887E18}.Release|Any CPU.ActiveCfg = Release|Any CPU
		{CF2D8DDE-5876-4EF0-B99D-3C536E887E18}.Release|Any CPU.Build.0 = Release|Any CPU
	EndGlobalSection
	GlobalSection(SolutionProperties) = preSolution
		HideSolutionNode = FALSE
	EndGlobalSection
	GlobalSection(NestedProjects) = preSolution
		{6A236D76-C9D9-4B1D-8DDE-F6978D110288} = {C21FD102-21B1-46DB-AD62-86692558AD01}
		{7D396A98-C026-4C20-8F5E-2EA76A14CA7D} = {FBD2E07B-F25B-4D2F-AEF6-6D1E10F1E523}
		{CF2D8DDE-5876-4EF0-B99D-3C536E887E18} = {3F309681-DF6C-4AFA-A906-BA65DF772328}
		{3F309681-DF6C-4AFA-A906-BA65DF772328} = {BD106966-02BE-4137-B9DC-4ECE56B4C204}
	EndGlobalSection
	GlobalSection(ExtensibilityGlobals) = postSolution
		SolutionGuid = {46DF0C22-7B6A-4A64-BC63-7B2F6A14F334}
	EndGlobalSection
EndGlobal
