Microsoft Visual Studio Solution File, Format Version 12.00
# Visual Studio 15
VisualStudioVersion = 15.0.26430.14
MinimumVisualStudioVersion = 10.0.40219.1
Project("{2150E333-8FDC-42A3-9474-1A3956D46DE8}") = "src", "src", "{C21FD102-21B1-46DB-AD62-86692558AD01}"
EndProject
Project("{2150E333-8FDC-42A3-9474-1A3956D46DE8}") = "Solution Items", "Solution Items", "{BD106966-02BE-4137-B9DC-4ECE56B4C204}"
EndProject
Project("{9A19103F-16F7-4668-BE54-9A1E7A4F7556}") = "NLog.Extensions.Logging", "src\NLog.Extensions.Logging\NLog.Extensions.Logging.csproj", "{5BB808CD-F633-47C7-98B0-79B2A9BAE24A}"
EndProject
Project("{9A19103F-16F7-4668-BE54-9A1E7A4F7556}") = "NLog.Extensions.Logging.Tests", "test\NLog.Extensions.Logging.Tests.csproj", "{7D396A98-C026-4C20-8F5E-2EA76A14CA7D}"
EndProject
Project("{2150E333-8FDC-42A3-9474-1A3956D46DE8}") = "test", "test", "{FBD2E07B-F25B-4D2F-AEF6-6D1E10F1E523}"
EndProject
Global
	GlobalSection(SolutionConfigurationPlatforms) = preSolution
		Debug|Any CPU = Debug|Any CPU
		Release|Any CPU = Release|Any CPU
	EndGlobalSection
	GlobalSection(ProjectConfigurationPlatforms) = postSolution
		{5BB808CD-F633-47C7-98B0-79B2A9BAE24A}.Debug|Any CPU.ActiveCfg = Debug|Any CPU
		{5BB808CD-F633-47C7-98B0-79B2A9BAE24A}.Debug|Any CPU.Build.0 = Debug|Any CPU
		{5BB808CD-F633-47C7-98B0-79B2A9BAE24A}.Release|Any CPU.ActiveCfg = Release|Any CPU
		{5BB808CD-F633-47C7-98B0-79B2A9BAE24A}.Release|Any CPU.Build.0 = Release|Any CPU
		{7D396A98-C026-4C20-8F5E-2EA76A14CA7D}.Debug|Any CPU.ActiveCfg = Debug|Any CPU
		{7D396A98-C026-4C20-8F5E-2EA76A14CA7D}.Debug|Any CPU.Build.0 = Debug|Any CPU
		{7D396A98-C026-4C20-8F5E-2EA76A14CA7D}.Release|Any CPU.ActiveCfg = Release|Any CPU
		{7D396A98-C026-4C20-8F5E-2EA76A14CA7D}.Release|Any CPU.Build.0 = Release|Any CPU
	EndGlobalSection
	GlobalSection(SolutionProperties) = preSolution
		HideSolutionNode = FALSE
	EndGlobalSection
	GlobalSection(NestedProjects) = preSolution
		{5BB808CD-F633-47C7-98B0-79B2A9BAE24A} = {C21FD102-21B1-46DB-AD62-86692558AD01}
		{7D396A98-C026-4C20-8F5E-2EA76A14CA7D} = {FBD2E07B-F25B-4D2F-AEF6-6D1E10F1E523}
	EndGlobalSection
EndGlobal
