
Microsoft Visual Studio Solution File, Format Version 12.00
# Visual Studio 14
VisualStudioVersion = 14.0.25420.1
MinimumVisualStudioVersion = 10.0.40219.1
Project("{2150E333-8FDC-42A3-9474-1A3956D46DE8}") = "src", "src", "{C812AB19-A74F-4295-B753-FE596421DA92}"
EndProject
Project("{2150E333-8FDC-42A3-9474-1A3956D46DE8}") = "Solution Items", "Solution Items", "{4F7FA98B-7EEE-4A40-9898-FF5A609194E9}"
	ProjectSection(SolutionItems) = preProject
		global.json = global.json
	EndProjectSection
EndProject
Project("{8BB2217D-0F2D-49D1-97BC-3654ED321F3B}") = "aspnet-fullframework-example", "src\aspnet-fullframework-example\aspnet-fullframework-example.xproj", "{7525950F-8C70-4462-A053-962722E7662E}"
EndProject
Global
	GlobalSection(SolutionConfigurationPlatforms) = preSolution
		Debug|Any CPU = Debug|Any CPU
		Release|Any CPU = Release|Any CPU
	EndGlobalSection
	GlobalSection(ProjectConfigurationPlatforms) = postSolution
		{7525950F-8C70-4462-A053-962722E7662E}.Debug|Any CPU.ActiveCfg = Debug|Any CPU
		{7525950F-8C70-4462-A053-962722E7662E}.Debug|Any CPU.Build.0 = Debug|Any CPU
		{7525950F-8C70-4462-A053-962722E7662E}.Release|Any CPU.ActiveCfg = Release|Any CPU
		{7525950F-8C70-4462-A053-962722E7662E}.Release|Any CPU.Build.0 = Release|Any CPU
	EndGlobalSection
	GlobalSection(SolutionProperties) = preSolution
		HideSolutionNode = FALSE
	EndGlobalSection
	GlobalSection(NestedProjects) = preSolution
		{7525950F-8C70-4462-A053-962722E7662E} = {C812AB19-A74F-4295-B753-FE596421DA92}
	EndGlobalSection
EndGlobal
