
Microsoft Visual Studio Solution File, Format Version 12.00
# Visual Studio 14
VisualStudioVersion = 14.0.25123.0
MinimumVisualStudioVersion = 10.0.40219.1
Project("{2150E333-8FDC-42A3-9474-1A3956D46DE8}") = "src", "src", "{A0208906-BA7F-410F-9856-0B92C2705AEF}"
EndProject
Project("{2150E333-8FDC-42A3-9474-1A3956D46DE8}") = "Solution Items", "Solution Items", "{94BFD2E9-78CC-49C9-879C-96E9DB77966D}"
	ProjectSection(SolutionItems) = preProject
		global.json = global.json
	EndProjectSection
EndProject
Project("{8BB2217D-0F2D-49D1-97BC-3654ED321F3B}") = "aspnet-core-example", "src\aspnet-core-example\aspnet-core-example.xproj", "{317ADB67-EEBB-44DE-A024-775BE904421D}"
EndProject
Global
	GlobalSection(SolutionConfigurationPlatforms) = preSolution
		Debug|Any CPU = Debug|Any CPU
		Release|Any CPU = Release|Any CPU
	EndGlobalSection
	GlobalSection(ProjectConfigurationPlatforms) = postSolution
		{317ADB67-EEBB-44DE-A024-775BE904421D}.Debug|Any CPU.ActiveCfg = Debug|Any CPU
		{317ADB67-EEBB-44DE-A024-775BE904421D}.Debug|Any CPU.Build.0 = Debug|Any CPU
		{317ADB67-EEBB-44DE-A024-775BE904421D}.Release|Any CPU.ActiveCfg = Release|Any CPU
		{317ADB67-EEBB-44DE-A024-775BE904421D}.Release|Any CPU.Build.0 = Release|Any CPU
	EndGlobalSection
	GlobalSection(SolutionProperties) = preSolution
		HideSolutionNode = FALSE
	EndGlobalSection
	GlobalSection(NestedProjects) = preSolution
		{317ADB67-EEBB-44DE-A024-775BE904421D} = {A0208906-BA7F-410F-9856-0B92C2705AEF}
	EndGlobalSection
EndGlobal
